
Microsoft Visual Studio Solution File, Format Version 12.00
# Visual Studio Version 16
VisualStudioVersion = 16.0.29521.150
MinimumVisualStudioVersion = 10.0.40219.1
Project("{FAE04EC0-301F-11D3-BF4B-00C04F79EFBC}") = "MVCTraining", "MVCTraining\MVCTraining.csproj", "{FC5E101C-9D86-49D0-B7B0-C15691A85613}"
EndProject
Global
	GlobalSection(SolutionConfigurationPlatforms) = preSolution
		Debug|Any CPU = Debug|Any CPU
		Release|Any CPU = Release|Any CPU
	EndGlobalSection
	GlobalSection(ProjectConfigurationPlatforms) = postSolution
		{FC5E101C-9D86-49D0-B7B0-C15691A85613}.Debug|Any CPU.ActiveCfg = Debug|Any CPU
		{FC5E101C-9D86-49D0-B7B0-C15691A85613}.Debug|Any CPU.Build.0 = Debug|Any CPU
		{FC5E101C-9D86-49D0-B7B0-C15691A85613}.Release|Any CPU.ActiveCfg = Release|Any CPU
		{FC5E101C-9D86-49D0-B7B0-C15691A85613}.Release|Any CPU.Build.0 = Release|Any CPU
	EndGlobalSection
	GlobalSection(SolutionProperties) = preSolution
		HideSolutionNode = FALSE
	EndGlobalSection
	GlobalSection(ExtensibilityGlobals) = postSolution
		SolutionGuid = {F565961B-B212-499F-97BA-2F846679594D}
	EndGlobalSection
EndGlobal
